PODS:
  - Alamofire (4.6.0)
  - AlamofireCoreData (1.1.0):
    - Alamofire (~> 4.5)
    - Groot (~> 2.0)
  - AppwiseCore (0.7.2):
    - AppwiseCore/Behaviours (= 0.7.2)
    - AppwiseCore/Core (= 0.7.2)
    - AppwiseCore/UI (= 0.7.2)
  - AppwiseCore/Behaviours (0.7.2):
    - Then
  - AppwiseCore/Core (0.7.2):
    - Alamofire
    - CocoaLumberjack/Swift
    - CrashlyticsRecorder
    - Then
  - AppwiseCore/CoreData (0.7.2):
    - AlamofireCoreData
    - AppwiseCore/Core
    - SugarRecord/CoreData
  - AppwiseCore/DeepLink (0.7.2):
    - AppwiseCore/Behaviours
  - AppwiseCore/UI (0.7.2):
    - AppwiseCore/Behaviours
    - AppwiseCore/Core
    - IBAnimatable
  - CocoaLumberjack/Default (3.4.0)
  - CocoaLumberjack/Swift (3.4.0):
    - CocoaLumberjack/Default
  - CrashlyticsRecorder (2.2.0)
  - Groot (2.0):
    - Groot/Swift (= 2.0)
  - Groot/Swift (2.0)
  - IBAnimatable (5.0.0)
  - Result (3.2.4)
  - SugarRecord/CoreData (3.1.2):
    - Result (~> 3.0)
  - Then (2.3.0)

DEPENDENCIES:
  - AppwiseCore (from `../`)
  - AppwiseCore/CoreData (from `../`)
  - AppwiseCore/DeepLink (from `../`)
  - AppwiseCore/UI (from `../`)

EXTERNAL SOURCES:
  AppwiseCore:
    :path: ../

SPEC CHECKSUMS:
  Alamofire: f41a599bd63041760b26d393ec1069d9d7b917f4
  AlamofireCoreData: e7366aef23927626e8cf2f1039eaf47209c1f183
  AppwiseCore: 97fa6cbe08ffd3e6f3ef1594f1ec9d9eda1ec675
  CocoaLumberjack: e033a5d8513357af2dd456eb66e202c325c30627
  CrashlyticsRecorder: 5f132a14135b37bfa674e8b4dc0957313ecdb30c
  Groot: 7543f84980bfb1613750818029d9b927d4378211
  IBAnimatable: aa2286a9cf8fb4ae2e1be85c5287ae56143b024f
  Result: d2d07204ce72856f1fd9130bbe42c35a7b0fea10
  SugarRecord: be6aa5c18b4a4dec0de4c1f49fc61c85eabb5328
  Then: ee21c97b85ff6062b9b0080c9abb1eea46743345

PODFILE CHECKSUM: 2edf2447ae61e57efdf6117a42cb59750757fcb3

COCOAPODS: 1.4.0.rc.1
