// !$*UTF8*$!
{
	archiveVersion = 1;
	classes = {
	};
	objectVersion = 46;
	objects = {

/* Begin PBXBuildFile section */
		DD34731320372FFE0035A2CD /* Assets.xcassets in Resources */ = {isa = PBXBuildFile; fileRef = DD34730A20372FFE0035A2CD /* Assets.xcassets */; };
		DD34731420372FFE0035A2CD /* LaunchScreen.storyboard in Resources */ = {isa = PBXBuildFile; fileRef = DD34730B20372FFE0035A2CD /* LaunchScreen.storyboard */; };
		DD34731520372FFE0035A2CD /* Main.storyboard in Resources */ = {isa = PBXBuildFile; fileRef = DD34730D20372FFE0035A2CD /* Main.storyboard */; };
		DD34734420373EC60035A2CD /* APIClient.swift in Sources */ = {isa = PBXBuildFile; fileRef = DD34733220373EC50035A2CD /* APIClient.swift */; };
		DD34734520373EC60035A2CD /* APIRouter.swift in Sources */ = {isa = PBXBuildFile; fileRef = DD34733320373EC50035A2CD /* APIRouter.swift */; };
		DD34734920373EC60035A2CD /* OAuth2RetryHandler.swift in Sources */ = {isa = PBXBuildFile; fileRef = DD34733720373EC50035A2CD /* OAuth2RetryHandler.swift */; };
		DD34734D20373EC60035A2CD /* KeyboardManagerApplicationService.swift in Sources */ = {isa = PBXBuildFile; fileRef = DD34733C20373EC50035A2CD /* KeyboardManagerApplicationService.swift */; };
		DD34734E20373EC60035A2CD /* FabricApplicationService.swift in Sources */ = {isa = PBXBuildFile; fileRef = DD34733D20373EC50035A2CD /* FabricApplicationService.swift */; };
		DD34734F20373EC60035A2CD /* ViewController.swift in Sources */ = {isa = PBXBuildFile; fileRef = DD34733F20373EC60035A2CD /* ViewController.swift */; };
		DD34735020373EC60035A2CD /* Config.swift in Sources */ = {isa = PBXBuildFile; fileRef = DD34734120373EC60035A2CD /* Config.swift */; };
		DD34735120373EC60035A2CD /* AppDelegate.swift in Sources */ = {isa = PBXBuildFile; fileRef = DD34734220373EC60035A2CD /* AppDelegate.swift */; };
		DD34735520373F250035A2CD /* Settings.swift in Sources */ = {isa = PBXBuildFile; fileRef = DD34735220373F250035A2CD /* Settings.swift */; };
		DD34735620373F250035A2CD /* Environment.swift in Sources */ = {isa = PBXBuildFile; fileRef = DD34735320373F250035A2CD /* Environment.swift */; };
		DD3473612038FB9F0035A2CD /* Settings.bundle in Resources */ = {isa = PBXBuildFile; fileRef = DD3473602038FB9F0035A2CD /* Settings.bundle */; };
		DD34736D2038FE350035A2CD /* InfoPlist.strings in Resources */ = {isa = PBXBuildFile; fileRef = DD34736F2038FE350035A2CD /* InfoPlist.strings */; };
		DD3473702038FE390035A2CD /* Localizable.strings in Resources */ = {isa = PBXBuildFile; fileRef = DD3473722038FE390035A2CD /* Localizable.strings */; };
		DD3473732038FE3D0035A2CD /* Localizable.stringsdict in Resources */ = {isa = PBXBuildFile; fileRef = DD3473752038FE3D0035A2CD /* Localizable.stringsdict */; };
		DD347377203906B00035A2CD /* Then.swift in Sources */ = {isa = PBXBuildFile; fileRef = DD347376203906B00035A2CD /* Then.swift */; };
		DD34737A203906E00035A2CD /* Example.xcdatamodeld in Sources */ = {isa = PBXBuildFile; fileRef = DD347378203906E00035A2CD /* Example.xcdatamodeld */; };
		DD34737F203908E90035A2CD /* Strings.swift in Sources */ = {isa = PBXBuildFile; fileRef = DD34737B203908E90035A2CD /* Strings.swift */; };
		DD347380203908E90035A2CD /* Storyboards.swift in Sources */ = {isa = PBXBuildFile; fileRef = DD34737C203908E90035A2CD /* Storyboards.swift */; };
		DD347381203908EA0035A2CD /* Assets.swift in Sources */ = {isa = PBXBuildFile; fileRef = DD34737D203908E90035A2CD /* Assets.swift */; };
		DD347382203908EA0035A2CD /* Colors.swift in Sources */ = {isa = PBXBuildFile; fileRef = DD34737E203908E90035A2CD /* Colors.swift */; };
		DD347384203908F20035A2CD /* AutoViewModel.generated.swift in Sources */ = {isa = PBXBuildFile; fileRef = DD347383203908F20035A2CD /* AutoViewModel.generated.swift */; };
		DD3473862039095A0035A2CD /* User.swift in Sources */ = {isa = PBXBuildFile; fileRef = DD3473852039095A0035A2CD /* User.swift */; };
		DD347388203909720035A2CD /* UserViewModel.swift in Sources */ = {isa = PBXBuildFile; fileRef = DD347387203909720035A2CD /* UserViewModel.swift */; };
		DE37BA84D84414275EEBCA9C /* Pods_Example.framework in Frameworks */ = {isa = PBXBuildFile; fileRef = 8FE51CCC70443FC404419D89 /* Pods_Example.framework */; };
/* End PBXBuildFile section */

/* Begin PBXFileReference section */
		09899F29DE83BC678A16F6A0 /* Pods-Example.staging (release).xcconfig */ = {isa = PBXFileReference; includeInIndex = 1; lastKnownFileType = text.xcconfig; name = "Pods-Example.staging (release).xcconfig"; path = "Pods/Target Support Files/Pods-Example/Pods-Example.staging (release).xcconfig"; sourceTree = "<group>"; };
		1C74864382EBB0905AFA3B05 /* Pods-Example.staging (debug).xcconfig */ = {isa = PBXFileReference; includeInIndex = 1; lastKnownFileType = text.xcconfig; name = "Pods-Example.staging (debug).xcconfig"; path = "Pods/Target Support Files/Pods-Example/Pods-Example.staging (debug).xcconfig"; sourceTree = "<group>"; };
		2F4EDAF2ED0A20F1ABEABB23 /* Pods-Example.debug.xcconfig */ = {isa = PBXFileReference; includeInIndex = 1; lastKnownFileType = text.xcconfig; name = "Pods-Example.debug.xcconfig"; path = "Pods/Target Support Files/Pods-Example/Pods-Example.debug.xcconfig"; sourceTree = "<group>"; };
		37EB5DCE71301A68D899A85B /* Pods-Example.development (debug).xcconfig */ = {isa = PBXFileReference; includeInIndex = 1; lastKnownFileType = text.xcconfig; name = "Pods-Example.development (debug).xcconfig"; path = "Pods/Target Support Files/Pods-Example/Pods-Example.development (debug).xcconfig"; sourceTree = "<group>"; };
		5B7F84F69C750E542715956A /* Pods-Example.release.xcconfig */ = {isa = PBXFileReference; includeInIndex = 1; lastKnownFileType = text.xcconfig; name = "Pods-Example.release.xcconfig"; path = "Pods/Target Support Files/Pods-Example/Pods-Example.release.xcconfig"; sourceTree = "<group>"; };
		86CD49CA34160954CE9642B6 /* Pods-Example.production (debug).xcconfig */ = {isa = PBXFileReference; includeInIndex = 1; lastKnownFileType = text.xcconfig; name = "Pods-Example.production (debug).xcconfig"; path = "Pods/Target Support Files/Pods-Example/Pods-Example.production (debug).xcconfig"; sourceTree = "<group>"; };
		8FE51CCC70443FC404419D89 /* Pods_Example.framework */ = {isa = PBXFileReference; explicitFileType = wrapper.framework; includeInIndex = 0; path = Pods_Example.framework; sourceTree = BUILT_PRODUCTS_DIR; };
		A1C4D2376C4E1EA190E54AEE /* Pods-Example.development (release).xcconfig */ = {isa = PBXFileReference; includeInIndex = 1; lastKnownFileType = text.xcconfig; name = "Pods-Example.development (release).xcconfig"; path = "Pods/Target Support Files/Pods-Example/Pods-Example.development (release).xcconfig"; sourceTree = "<group>"; };
		D7D499531CDC867E2675FEE9 /* Pods-Example.production (release).xcconfig */ = {isa = PBXFileReference; includeInIndex = 1; lastKnownFileType = text.xcconfig; name = "Pods-Example.production (release).xcconfig"; path = "Pods/Target Support Files/Pods-Example/Pods-Example.production (release).xcconfig"; sourceTree = "<group>"; };
		D95E1C411D88E71A00F94976 /* Example.app */ = {isa = PBXFileReference; explicitFileType = wrapper.application; includeInIndex = 0; path = Example.app; sourceTree = BUILT_PRODUCTS_DIR; };
		D95E1C891D88F39300F94976 /* AppwiseCore.framework */ = {isa = PBXFileReference; lastKnownFileType = wrapper.framework; name = AppwiseCore.framework; path = "../build/Debug-iphoneos/AppwiseCore.framework"; sourceTree = "<group>"; };
		DD34730A20372FFE0035A2CD /* Assets.xcassets */ = {isa = PBXFileReference; lastKnownFileType = folder.assetcatalog; path = Assets.xcassets; sourceTree = "<group>"; };
		DD34730C20372FFE0035A2CD /* Base */ = {isa = PBXFileReference; lastKnownFileType = file.storyboard; name = Base; path = Base.lproj/LaunchScreen.storyboard; sourceTree = "<group>"; };
		DD34730E20372FFE0035A2CD /* Base */ = {isa = PBXFileReference; lastKnownFileType = file.storyboard; name = Base; path = Base.lproj/Main.storyboard; sourceTree = "<group>"; };
		DD34730F20372FFE0035A2CD /* Info.plist */ = {isa = PBXFileReference; fileEncoding = 4; lastKnownFileType = text.plist.xml; path = Info.plist; sourceTree = "<group>"; };
		DD347318203730540035A2CD /* Settings-Development.xcconfig */ = {isa = PBXFileReference; fileEncoding = 4; lastKnownFileType = text.xcconfig; path = "Settings-Development.xcconfig"; sourceTree = "<group>"; };
		DD347319203730540035A2CD /* Settings.xcconfig */ = {isa = PBXFileReference; fileEncoding = 4; lastKnownFileType = text.xcconfig; path = Settings.xcconfig; sourceTree = "<group>"; };
		DD34731A203730540035A2CD /* Settings-Staging.xcconfig */ = {isa = PBXFileReference; fileEncoding = 4; lastKnownFileType = text.xcconfig; path = "Settings-Staging.xcconfig"; sourceTree = "<group>"; };
		DD34731B203730540035A2CD /* Settings-Production.xcconfig */ = {isa = PBXFileReference; fileEncoding = 4; lastKnownFileType = text.xcconfig; path = "Settings-Production.xcconfig"; sourceTree = "<group>"; };
		DD347322203734DD0035A2CD /* Settings-Production (Release).xcconfig */ = {isa = PBXFileReference; lastKnownFileType = text.xcconfig; path = "Settings-Production (Release).xcconfig"; sourceTree = "<group>"; };
		DD347323203734DD0035A2CD /* Settings-Staging (Debug).xcconfig */ = {isa = PBXFileReference; lastKnownFileType = text.xcconfig; path = "Settings-Staging (Debug).xcconfig"; sourceTree = "<group>"; };
		DD347324203734DD0035A2CD /* Settings-Production (Debug).xcconfig */ = {isa = PBXFileReference; lastKnownFileType = text.xcconfig; path = "Settings-Production (Debug).xcconfig"; sourceTree = "<group>"; };
		DD347325203734DD0035A2CD /* Settings-Staging (Release).xcconfig */ = {isa = PBXFileReference; lastKnownFileType = text.xcconfig; path = "Settings-Staging (Release).xcconfig"; sourceTree = "<group>"; };
		DD347326203734DE0035A2CD /* Settings-Development (Debug).xcconfig */ = {isa = PBXFileReference; lastKnownFileType = text.xcconfig; path = "Settings-Development (Debug).xcconfig"; sourceTree = "<group>"; };
		DD347327203734DE0035A2CD /* Settings-Development (Release).xcconfig */ = {isa = PBXFileReference; lastKnownFileType = text.xcconfig; path = "Settings-Development (Release).xcconfig"; sourceTree = "<group>"; };
		DD34733220373EC50035A2CD /* APIClient.swift */ = {isa = PBXFileReference; fileEncoding = 4; lastKnownFileType = sourcecode.swift; path = APIClient.swift; sourceTree = "<group>"; };
		DD34733320373EC50035A2CD /* APIRouter.swift */ = {isa = PBXFileReference; fileEncoding = 4; lastKnownFileType = sourcecode.swift; path = APIRouter.swift; sourceTree = "<group>"; };
		DD34733720373EC50035A2CD /* OAuth2RetryHandler.swift */ = {isa = PBXFileReference; fileEncoding = 4; lastKnownFileType = sourcecode.swift; path = OAuth2RetryHandler.swift; sourceTree = "<group>"; };
		DD34733C20373EC50035A2CD /* KeyboardManagerApplicationService.swift */ = {isa = PBXFileReference; fileEncoding = 4; lastKnownFileType = sourcecode.swift; path = KeyboardManagerApplicationService.swift; sourceTree = "<group>"; };
		DD34733D20373EC50035A2CD /* FabricApplicationService.swift */ = {isa = PBXFileReference; fileEncoding = 4; lastKnownFileType = sourcecode.swift; path = FabricApplicationService.swift; sourceTree = "<group>"; };
		DD34733F20373EC60035A2CD /* ViewController.swift */ = {isa = PBXFileReference; fileEncoding = 4; lastKnownFileType = sourcecode.swift; path = ViewController.swift; sourceTree = "<group>"; };
		DD34734120373EC60035A2CD /* Config.swift */ = {isa = PBXFileReference; fileEncoding = 4; lastKnownFileType = sourcecode.swift; path = Config.swift; sourceTree = "<group>"; };
		DD34734220373EC60035A2CD /* AppDelegate.swift */ = {isa = PBXFileReference; fileEncoding = 4; lastKnownFileType = sourcecode.swift; path = AppDelegate.swift; sourceTree = "<group>"; };
		DD34735220373F250035A2CD /* Settings.swift */ = {isa = PBXFileReference; fileEncoding = 4; lastKnownFileType = sourcecode.swift; path = Settings.swift; sourceTree = "<group>"; };
		DD34735320373F250035A2CD /* Environment.swift */ = {isa = PBXFileReference; fileEncoding = 4; lastKnownFileType = sourcecode.swift; path = Environment.swift; sourceTree = "<group>"; };
		DD3473602038FB9F0035A2CD /* Settings.bundle */ = {isa = PBXFileReference; lastKnownFileType = "wrapper.plug-in"; path = Settings.bundle; sourceTree = "<group>"; };
		DD3473622038FBAA0035A2CD /* Colors.json */ = {isa = PBXFileReference; lastKnownFileType = text.json; path = Colors.json; sourceTree = "<group>"; };
		DD34736E2038FE350035A2CD /* en */ = {isa = PBXFileReference; lastKnownFileType = text.plist.strings; name = en; path = en.lproj/InfoPlist.strings; sourceTree = "<group>"; };
		DD3473712038FE390035A2CD /* en */ = {isa = PBXFileReference; lastKnownFileType = text.plist.strings; name = en; path = en.lproj/Localizable.strings; sourceTree = "<group>"; };
		DD3473742038FE3D0035A2CD /* en */ = {isa = PBXFileReference; lastKnownFileType = text.plist.stringsdict; name = en; path = en.lproj/Localizable.stringsdict; sourceTree = "<group>"; };
		DD347376203906B00035A2CD /* Then.swift */ = {isa = PBXFileReference; lastKnownFileType = sourcecode.swift; path = Then.swift; sourceTree = "<group>"; };
		DD347379203906E00035A2CD /* Example.xcdatamodel */ = {isa = PBXFileReference; lastKnownFileType = wrapper.xcdatamodel; path = Example.xcdatamodel; sourceTree = "<group>"; };
		DD34737B203908E90035A2CD /* Strings.swift */ = {isa = PBXFileReference; fileEncoding = 4; lastKnownFileType = sourcecode.swift; path = Strings.swift; sourceTree = "<group>"; };
		DD34737C203908E90035A2CD /* Storyboards.swift */ = {isa = PBXFileReference; fileEncoding = 4; lastKnownFileType = sourcecode.swift; path = Storyboards.swift; sourceTree = "<group>"; };
		DD34737D203908E90035A2CD /* Assets.swift */ = {isa = PBXFileReference; fileEncoding = 4; lastKnownFileType = sourcecode.swift; path = Assets.swift; sourceTree = "<group>"; };
		DD34737E203908E90035A2CD /* Colors.swift */ = {isa = PBXFileReference; fileEncoding = 4; lastKnownFileType = sourcecode.swift; path = Colors.swift; sourceTree = "<group>"; };
		DD347383203908F20035A2CD /* AutoViewModel.generated.swift */ = {isa = PBXFileReference; fileEncoding = 4; lastKnownFileType = sourcecode.swift; path = AutoViewModel.generated.swift; sourceTree = "<group>"; };
		DD3473852039095A0035A2CD /* User.swift */ = {isa = PBXFileReference; lastKnownFileType = sourcecode.swift; path = User.swift; sourceTree = "<group>"; };
		DD347387203909720035A2CD /* UserViewModel.swift */ = {isa = PBXFileReference; lastKnownFileType = sourcecode.swift; path = UserViewModel.swift; sourceTree = "<group>"; };
/* End PBXFileReference section */

/* Begin PBXFrameworksBuildPhase section */
		D95E1C3E1D88E71A00F94976 /* Frameworks */ = {
			isa = PBXFrameworksBuildPhase;
			buildActionMask = 2147483647;
			files = (
				DE37BA84D84414275EEBCA9C /* Pods_Example.framework in Frameworks */,
			);
			runOnlyForDeploymentPostprocessing = 0;
		};
/* End PBXFrameworksBuildPhase section */

/* Begin PBXGroup section */
		5FE3BF921617E8AC7F96F5E2 /* Pods */ = {
			isa = PBXGroup;
			children = (
				2F4EDAF2ED0A20F1ABEABB23 /* Pods-Example.debug.xcconfig */,
				5B7F84F69C750E542715956A /* Pods-Example.release.xcconfig */,
				37EB5DCE71301A68D899A85B /* Pods-Example.development (debug).xcconfig */,
				A1C4D2376C4E1EA190E54AEE /* Pods-Example.development (release).xcconfig */,
				1C74864382EBB0905AFA3B05 /* Pods-Example.staging (debug).xcconfig */,
				09899F29DE83BC678A16F6A0 /* Pods-Example.staging (release).xcconfig */,
				86CD49CA34160954CE9642B6 /* Pods-Example.production (debug).xcconfig */,
				D7D499531CDC867E2675FEE9 /* Pods-Example.production (release).xcconfig */,
			);
			name = Pods;
			sourceTree = "<group>";
		};
		D95E1C381D88E71A00F94976 = {
			isa = PBXGroup;
			children = (
				D95E1C431D88E71A00F94976 /* Application */,
				D95E1C421D88E71A00F94976 /* Products */,
				D95E1C881D88F39300F94976 /* Frameworks */,
				5FE3BF921617E8AC7F96F5E2 /* Pods */,
			);
			sourceTree = "<group>";
		};
		D95E1C421D88E71A00F94976 /* Products */ = {
			isa = PBXGroup;
			children = (
				D95E1C411D88E71A00F94976 /* Example.app */,
			);
			name = Products;
			sourceTree = "<group>";
		};
		D95E1C431D88E71A00F94976 /* Application */ = {
			isa = PBXGroup;
			children = (
				DD34730520372FFE0035A2CD /* Sources */,
				DD34730920372FFE0035A2CD /* Resources */,
				DD347317203730540035A2CD /* Supporting Files */,
			);
			path = Application;
			sourceTree = "<group>";
		};
		D95E1C881D88F39300F94976 /* Frameworks */ = {
			isa = PBXGroup;
			children = (
				D95E1C891D88F39300F94976 /* AppwiseCore.framework */,
				8FE51CCC70443FC404419D89 /* Pods_Example.framework */,
			);
			name = Frameworks;
			sourceTree = "<group>";
		};
		DD34730520372FFE0035A2CD /* Sources */ = {
			isa = PBXGroup;
			children = (
				DD34733B20373EC50035A2CD /* Application Services */,
				DD34733E20373EC60035A2CD /* Controllers */,
				DD34735820373FA20035A2CD /* Extensions */,
				DD34734020373EC60035A2CD /* Helpers */,
				DD34735920373FC80035A2CD /* Generated */,
				DD34735C20373FC80035A2CD /* Models */,
				DD34733020373EC50035A2CD /* Network */,
				DD34735F20373FC80035A2CD /* Other */,
				DD34735D20373FC80035A2CD /* ViewModels */,
				DD34735E20373FC80035A2CD /* Views */,
			);
			path = Sources;
			sourceTree = "<group>";
		};
		DD34730920372FFE0035A2CD /* Resources */ = {
			isa = PBXGroup;
			children = (
				DD3473662038FC180035A2CD /* Localization */,
				DD3473642038FBFB0035A2CD /* Storyboards */,
				DD34730A20372FFE0035A2CD /* Assets.xcassets */,
				DD3473622038FBAA0035A2CD /* Colors.json */,
				DD347378203906E00035A2CD /* Example.xcdatamodeld */,
				DD34730F20372FFE0035A2CD /* Info.plist */,
				DD3473602038FB9F0035A2CD /* Settings.bundle */,
			);
			path = Resources;
			sourceTree = "<group>";
		};
		DD347317203730540035A2CD /* Supporting Files */ = {
			isa = PBXGroup;
			children = (
				DD347326203734DE0035A2CD /* Settings-Development (Debug).xcconfig */,
				DD347327203734DE0035A2CD /* Settings-Development (Release).xcconfig */,
				DD347318203730540035A2CD /* Settings-Development.xcconfig */,
				DD347324203734DD0035A2CD /* Settings-Production (Debug).xcconfig */,
				DD347322203734DD0035A2CD /* Settings-Production (Release).xcconfig */,
				DD34731B203730540035A2CD /* Settings-Production.xcconfig */,
				DD347323203734DD0035A2CD /* Settings-Staging (Debug).xcconfig */,
				DD347325203734DD0035A2CD /* Settings-Staging (Release).xcconfig */,
				DD34731A203730540035A2CD /* Settings-Staging.xcconfig */,
				DD347319203730540035A2CD /* Settings.xcconfig */,
			);
			path = "Supporting Files";
			sourceTree = "<group>";
		};
		DD34733020373EC50035A2CD /* Network */ = {
			isa = PBXGroup;
			children = (
				DD34733220373EC50035A2CD /* APIClient.swift */,
				DD34733320373EC50035A2CD /* APIRouter.swift */,
				DD34733720373EC50035A2CD /* OAuth2RetryHandler.swift */,
			);
			path = Network;
			sourceTree = "<group>";
		};
		DD34733B20373EC50035A2CD /* Application Services */ = {
			isa = PBXGroup;
			children = (
				DD34733C20373EC50035A2CD /* KeyboardManagerApplicationService.swift */,
				DD34733D20373EC50035A2CD /* FabricApplicationService.swift */,
			);
			path = "Application Services";
			sourceTree = "<group>";
		};
		DD34733E20373EC60035A2CD /* Controllers */ = {
			isa = PBXGroup;
			children = (
				DD34733F20373EC60035A2CD /* ViewController.swift */,
			);
			path = Controllers;
			sourceTree = "<group>";
		};
		DD34734020373EC60035A2CD /* Helpers */ = {
			isa = PBXGroup;
			children = (
				DD34734220373EC60035A2CD /* AppDelegate.swift */,
				DD34734120373EC60035A2CD /* Config.swift */,
				DD34735320373F250035A2CD /* Environment.swift */,
				DD34735220373F250035A2CD /* Settings.swift */,
			);
			path = Helpers;
			sourceTree = "<group>";
		};
		DD34735820373FA20035A2CD /* Extensions */ = {
			isa = PBXGroup;
			children = (
				DD347376203906B00035A2CD /* Then.swift */,
			);
			path = Extensions;
			sourceTree = "<group>";
		};
		DD34735920373FC80035A2CD /* Generated */ = {
			isa = PBXGroup;
			children = (
				DD34735A20373FC80035A2CD /* Sourcery */,
				DD34735B20373FC80035A2CD /* SwiftGen */,
			);
			path = Generated;
			sourceTree = "<group>";
		};
		DD34735A20373FC80035A2CD /* Sourcery */ = {
			isa = PBXGroup;
			children = (
				DD347383203908F20035A2CD /* AutoViewModel.generated.swift */,
			);
			path = Sourcery;
			sourceTree = "<group>";
		};
		DD34735B20373FC80035A2CD /* SwiftGen */ = {
			isa = PBXGroup;
			children = (
				DD34737D203908E90035A2CD /* Assets.swift */,
				DD34737E203908E90035A2CD /* Colors.swift */,
				DD34737C203908E90035A2CD /* Storyboards.swift */,
				DD34737B203908E90035A2CD /* Strings.swift */,
			);
			path = SwiftGen;
			sourceTree = "<group>";
		};
		DD34735C20373FC80035A2CD /* Models */ = {
			isa = PBXGroup;
			children = (
				DD3473852039095A0035A2CD /* User.swift */,
			);
			path = Models;
			sourceTree = "<group>";
		};
		DD34735D20373FC80035A2CD /* ViewModels */ = {
			isa = PBXGroup;
			children = (
				DD347387203909720035A2CD /* UserViewModel.swift */,
			);
			path = ViewModels;
			sourceTree = "<group>";
		};
		DD34735E20373FC80035A2CD /* Views */ = {
			isa = PBXGroup;
			children = (
			);
			path = Views;
			sourceTree = "<group>";
		};
		DD34735F20373FC80035A2CD /* Other */ = {
			isa = PBXGroup;
			children = (
			);
			path = Other;
			sourceTree = "<group>";
		};
		DD3473642038FBFB0035A2CD /* Storyboards */ = {
			isa = PBXGroup;
			children = (
				DD34730B20372FFE0035A2CD /* LaunchScreen.storyboard */,
				DD34730D20372FFE0035A2CD /* Main.storyboard */,
			);
			name = Storyboards;
			sourceTree = "<group>";
		};
		DD3473662038FC180035A2CD /* Localization */ = {
			isa = PBXGroup;
			children = (
				DD34736F2038FE350035A2CD /* InfoPlist.strings */,
				DD3473722038FE390035A2CD /* Localizable.strings */,
				DD3473752038FE3D0035A2CD /* Localizable.stringsdict */,
			);
			name = Localization;
			sourceTree = "<group>";
		};
/* End PBXGroup section */

/* Begin PBXNativeTarget section */
		D95E1C401D88E71A00F94976 /* Example */ = {
			isa = PBXNativeTarget;
			buildConfigurationList = D95E1C531D88E71A00F94976 /* Build configuration list for PBXNativeTarget "Example" */;
			buildPhases = (
				40BA18CCB7AF367DADD141CF /* [CP] Check Pods Manifest.lock */,
				8098DAE787017C1681FA81BC /* [CP-User] Check Strings */,
				A2A6E65D02F83BFD1BD794C5 /* [CP-User] SwiftGen */,
				E38DA919864C4E2F9B20F80A /* [CP-User] Sourcery */,
				1B0FE3EC6337A659BA4A22E6 /* [CP-User] SwiftLint */,
				D95E1C3D1D88E71A00F94976 /* Sources */,
				D95E1C3E1D88E71A00F94976 /* Frameworks */,
				D95E1C3F1D88E71A00F94976 /* Resources */,
				69BB4E2220FFDB8E6E8AD418 /* [CP] Embed Pods Frameworks */,
				37F4C362923734EAF6F4DFC5 /* [CP] Copy Pods Resources */,
				213B6B69CFA1CCB0F4D8092D /* [CP-User] Update Version Number */,
				52B1541BD8725C9260D0A26D /* [CP-User] Fabric */,
			);
			buildRules = (
			);
			dependencies = (
			);
			name = Example;
			productName = Example;
			productReference = D95E1C411D88E71A00F94976 /* Example.app */;
			productType = "com.apple.product-type.application";
		};
/* End PBXNativeTarget section */

/* Begin PBXProject section */
		D95E1C391D88E71A00F94976 /* Project object */ = {
			isa = PBXProject;
			attributes = {
				LastSwiftUpdateCheck = 0800;
				LastUpgradeCheck = 0900;
				ORGANIZATIONNAME = Appwise;
				TargetAttributes = {
					D95E1C401D88E71A00F94976 = {
						CreatedOnToolsVersion = 8.0;
						DevelopmentTeam = JF4JXY8D87;
						LastSwiftMigration = 0900;
						ProvisioningStyle = Automatic;
					};
				};
			};
			buildConfigurationList = D95E1C3C1D88E71A00F94976 /* Build configuration list for PBXProject "Example" */;
			compatibilityVersion = "Xcode 3.2";
			developmentRegion = English;
			hasScannedForEncodings = 0;
			knownRegions = (
				en,
				Base,
			);
			mainGroup = D95E1C381D88E71A00F94976;
			productRefGroup = D95E1C421D88E71A00F94976 /* Products */;
			projectDirPath = "";
			projectRoot = "";
			targets = (
				D95E1C401D88E71A00F94976 /* Example */,
			);
		};
/* End PBXProject section */

/* Begin PBXResourcesBuildPhase section */
		D95E1C3F1D88E71A00F94976 /* Resources */ = {
			isa = PBXResourcesBuildPhase;
			buildActionMask = 2147483647;
			files = (
				DD3473702038FE390035A2CD /* Localizable.strings in Resources */,
				DD34736D2038FE350035A2CD /* InfoPlist.strings in Resources */,
				DD3473612038FB9F0035A2CD /* Settings.bundle in Resources */,
				DD34731520372FFE0035A2CD /* Main.storyboard in Resources */,
				DD34731320372FFE0035A2CD /* Assets.xcassets in Resources */,
				DD34731420372FFE0035A2CD /* LaunchScreen.storyboard in Resources */,
				DD3473732038FE3D0035A2CD /* Localizable.stringsdict in Resources */,
			);
			runOnlyForDeploymentPostprocessing = 0;
		};
/* End PBXResourcesBuildPhase section */

/* Begin PBXShellScriptBuildPhase section */
		1B0FE3EC6337A659BA4A22E6 /* [CP-User] SwiftLint */ = {
			isa = PBXShellScriptBuildPhase;
			buildActionMask = 2147483647;
			files = (
			);
			inputPaths = (
			);
			name = "[CP-User] SwiftLint";
			outputPaths = (
			);
			runOnlyForDeploymentPostprocessing = 0;
			shellPath = /bin/sh;
			shellScript = "\"${PODS_ROOT}/SwiftLint/swiftlint\" lint --config \"${PROJECT_DIR}/.swiftlint.yml\" --path \"${PROJECT_DIR}\"";
			showEnvVarsInLog = 0;
		};
		213B6B69CFA1CCB0F4D8092D /* [CP-User] Update Version Number */ = {
			isa = PBXShellScriptBuildPhase;
			buildActionMask = 2147483647;
			files = (
			);
			inputPaths = (
			);
			name = "[CP-User] Update Version Number";
			outputPaths = (
			);
			runOnlyForDeploymentPostprocessing = 0;
			shellPath = /bin/sh;
			shellScript = "\"../Scripts/update_build_number.sh\"";
			showEnvVarsInLog = 0;
		};
		37F4C362923734EAF6F4DFC5 /* [CP] Copy Pods Resources */ = {
			isa = PBXShellScriptBuildPhase;
			buildActionMask = 2147483647;
			files = (
			);
			inputPaths = (
			);
			name = "[CP] Copy Pods Resources";
			outputPaths = (
			);
			runOnlyForDeploymentPostprocessing = 0;
			shellPath = /bin/sh;
			shellScript = "\"${SRCROOT}/Pods/Target Support Files/Pods-Example/Pods-Example-resources.sh\"\n";
			showEnvVarsInLog = 0;
		};
		40BA18CCB7AF367DADD141CF /* [CP] Check Pods Manifest.lock */ = {
			isa = PBXShellScriptBuildPhase;
			buildActionMask = 2147483647;
			files = (
			);
			inputPaths = (
				"${PODS_PODFILE_DIR_PATH}/Podfile.lock",
				"${PODS_ROOT}/Manifest.lock",
			);
			name = "[CP] Check Pods Manifest.lock";
			outputPaths = (
				"$(DERIVED_FILE_DIR)/Pods-Example-checkManifestLockResult.txt",
			);
			runOnlyForDeploymentPostprocessing = 0;
			shellPath = /bin/sh;
			shellScript = "diff \"${PODS_PODFILE_DIR_PATH}/Podfile.lock\" \"${PODS_ROOT}/Manifest.lock\" > /dev/null\nif [ $? != 0 ] ; then\n    # print error to STDERR\n    echo \"error: The sandbox is not in sync with the Podfile.lock. Run 'pod install' or update your CocoaPods installation.\" >&2\n    exit 1\nfi\n# This output is used by Xcode 'outputs' to avoid re-running this script phase.\necho \"SUCCESS\" > \"${SCRIPT_OUTPUT_FILE_0}\"\n";
			showEnvVarsInLog = 0;
		};
		52B1541BD8725C9260D0A26D /* [CP-User] Fabric */ = {
			isa = PBXShellScriptBuildPhase;
			buildActionMask = 2147483647;
			files = (
			);
			inputPaths = (
			);
			name = "[CP-User] Fabric";
			outputPaths = (
			);
			runOnlyForDeploymentPostprocessing = 0;
			shellPath = /bin/sh;
			shellScript = "\"${PODS_ROOT}/Fabric/run\" 0000000000000000000000000000000000000000 0000000000000000000000000000000000000000000000000000000000000000";
			showEnvVarsInLog = 0;
		};
		69BB4E2220FFDB8E6E8AD418 /* [CP] Embed Pods Frameworks */ = {
			isa = PBXShellScriptBuildPhase;
			buildActionMask = 2147483647;
			files = (
			);
			inputPaths = (
				"${SRCROOT}/Pods/Target Support Files/Pods-Example/Pods-Example-frameworks.sh",
				"${BUILT_PRODUCTS_DIR}/Alamofire/Alamofire.framework",
				"${BUILT_PRODUCTS_DIR}/AlamofireCoreData/AlamofireCoreData.framework",
				"${BUILT_PRODUCTS_DIR}/AppwiseCore/AppwiseCore.framework",
				"${BUILT_PRODUCTS_DIR}/BonMot/BonMot.framework",
				"${BUILT_PRODUCTS_DIR}/CocoaLumberjack/CocoaLumberjack.framework",
				"${BUILT_PRODUCTS_DIR}/CrashlyticsRecorder/CrashlyticsRecorder.framework",
				"${BUILT_PRODUCTS_DIR}/Groot/Groot.framework",
				"${BUILT_PRODUCTS_DIR}/IBAnimatable/IBAnimatable.framework",
				"${BUILT_PRODUCTS_DIR}/IQKeyboardManagerSwift/IQKeyboardManagerSwift.framework",
				"${BUILT_PRODUCTS_DIR}/Nuke/Nuke.framework",
				"${BUILT_PRODUCTS_DIR}/Nuke-Alamofire-Plugin/NukeAlamofirePlugin.framework",
				"${BUILT_PRODUCTS_DIR}/Result/Result.framework",
				"${BUILT_PRODUCTS_DIR}/Reusable/Reusable.framework",
				"${BUILT_PRODUCTS_DIR}/SnapKit/SnapKit.framework",
				"${BUILT_PRODUCTS_DIR}/SugarRecord/SugarRecord.framework",
				"${BUILT_PRODUCTS_DIR}/Then/Then.framework",
				"${BUILT_PRODUCTS_DIR}/p2.OAuth2/p2_OAuth2.framework",
			);
			name = "[CP] Embed Pods Frameworks";
			outputPaths = (
				"${TARGET_BUILD_DIR}/${FRAMEWORKS_FOLDER_PATH}/Alamofire.framework",
				"${TARGET_BUILD_DIR}/${FRAMEWORKS_FOLDER_PATH}/AlamofireCoreData.framework",
				"${TARGET_BUILD_DIR}/${FRAMEWORKS_FOLDER_PATH}/AppwiseCore.framework",
				"${TARGET_BUILD_DIR}/${FRAMEWORKS_FOLDER_PATH}/BonMot.framework",
				"${TARGET_BUILD_DIR}/${FRAMEWORKS_FOLDER_PATH}/CocoaLumberjack.framework",
				"${TARGET_BUILD_DIR}/${FRAMEWORKS_FOLDER_PATH}/CrashlyticsRecorder.framework",
				"${TARGET_BUILD_DIR}/${FRAMEWORKS_FOLDER_PATH}/Groot.framework",
				"${TARGET_BUILD_DIR}/${FRAMEWORKS_FOLDER_PATH}/IBAnimatable.framework",
				"${TARGET_BUILD_DIR}/${FRAMEWORKS_FOLDER_PATH}/IQKeyboardManagerSwift.framework",
				"${TARGET_BUILD_DIR}/${FRAMEWORKS_FOLDER_PATH}/Nuke.framework",
				"${TARGET_BUILD_DIR}/${FRAMEWORKS_FOLDER_PATH}/NukeAlamofirePlugin.framework",
				"${TARGET_BUILD_DIR}/${FRAMEWORKS_FOLDER_PATH}/Result.framework",
				"${TARGET_BUILD_DIR}/${FRAMEWORKS_FOLDER_PATH}/Reusable.framework",
				"${TARGET_BUILD_DIR}/${FRAMEWORKS_FOLDER_PATH}/SnapKit.framework",
				"${TARGET_BUILD_DIR}/${FRAMEWORKS_FOLDER_PATH}/SugarRecord.framework",
				"${TARGET_BUILD_DIR}/${FRAMEWORKS_FOLDER_PATH}/Then.framework",
				"${TARGET_BUILD_DIR}/${FRAMEWORKS_FOLDER_PATH}/p2_OAuth2.framework",
			);
			runOnlyForDeploymentPostprocessing = 0;
			shellPath = /bin/sh;
			shellScript = "\"${SRCROOT}/Pods/Target Support Files/Pods-Example/Pods-Example-frameworks.sh\"\n";
			showEnvVarsInLog = 0;
		};
		8098DAE787017C1681FA81BC /* [CP-User] Check Strings */ = {
			isa = PBXShellScriptBuildPhase;
			buildActionMask = 2147483647;
			files = (
			);
			inputPaths = (
			);
			name = "[CP-User] Check Strings";
			outputPaths = (
			);
			runOnlyForDeploymentPostprocessing = 0;
			shellPath = /bin/sh;
			shellScript = "\"${PODS_ROOT}/LocalizableCheck/bin/LocalizableCheck\" \"${SRCROOT}/Application/Resources\"";
			showEnvVarsInLog = 0;
		};
		A2A6E65D02F83BFD1BD794C5 /* [CP-User] SwiftGen */ = {
			isa = PBXShellScriptBuildPhase;
			buildActionMask = 2147483647;
			files = (
			);
			inputPaths = (
				"${SRCROOT}/Application/Resources",
			);
			name = "[CP-User] SwiftGen";
			outputPaths = (
				"${SRCROOT}/Application/Sources/Generated/SwiftGen/*",
			);
			runOnlyForDeploymentPostprocessing = 0;
			shellPath = /bin/sh;
			shellScript = "\"${PODS_ROOT}/SwiftGen/bin/swiftgen\"";
			showEnvVarsInLog = 0;
		};
		E38DA919864C4E2F9B20F80A /* [CP-User] Sourcery */ = {
			isa = PBXShellScriptBuildPhase;
			buildActionMask = 2147483647;
			files = (
			);
			inputPaths = (
			);
			name = "[CP-User] Sourcery";
			outputPaths = (
			);
			runOnlyForDeploymentPostprocessing = 0;
			shellPath = /bin/sh;
			shellScript = "\"${PODS_ROOT}/Sourcery/bin/sourcery\" --sources \"${SRCROOT}/Application/Sources\" --sources \"$DERIVED_SOURCES_DIR\" --templates \"../Sourcery\" --output \"${SRCROOT}/Application/Sources/Generated/Sourcery\"";
			showEnvVarsInLog = 0;
		};
/* End PBXShellScriptBuildPhase section */

/* Begin PBXSourcesBuildPhase section */
		D95E1C3D1D88E71A00F94976 /* Sources */ = {
			isa = PBXSourcesBuildPhase;
			buildActionMask = 2147483647;
			files = (
				DD34734D20373EC60035A2CD /* KeyboardManagerApplicationService.swift in Sources */,
				DD34735120373EC60035A2CD /* AppDelegate.swift in Sources */,
				DD34735020373EC60035A2CD /* Config.swift in Sources */,
				DD34735620373F250035A2CD /* Environment.swift in Sources */,
				DD34737A203906E00035A2CD /* Example.xcdatamodeld in Sources */,
				DD34735520373F250035A2CD /* Settings.swift in Sources */,
				DD347380203908E90035A2CD /* Storyboards.swift in Sources */,
				DD34734920373EC60035A2CD /* OAuth2RetryHandler.swift in Sources */,
				DD347381203908EA0035A2CD /* Assets.swift in Sources */,
				DD347382203908EA0035A2CD /* Colors.swift in Sources */,
				DD34737F203908E90035A2CD /* Strings.swift in Sources */,
				DD34734520373EC60035A2CD /* APIRouter.swift in Sources */,
				DD34734F20373EC60035A2CD /* ViewController.swift in Sources */,
				DD347388203909720035A2CD /* UserViewModel.swift in Sources */,
				DD34734E20373EC60035A2CD /* FabricApplicationService.swift in Sources */,
				DD3473862039095A0035A2CD /* User.swift in Sources */,
				DD34734420373EC60035A2CD /* APIClient.swift in Sources */,
				DD347377203906B00035A2CD /* Then.swift in Sources */,
				DD347384203908F20035A2CD /* AutoViewModel.generated.swift in Sources */,
			);
			runOnlyForDeploymentPostprocessing = 0;
		};
/* End PBXSourcesBuildPhase section */

/* Begin PBXVariantGroup section */
		DD34730B20372FFE0035A2CD /* LaunchScreen.storyboard */ = {
			isa = PBXVariantGroup;
			children = (
				DD34730C20372FFE0035A2CD /* Base */,
			);
			name = LaunchScreen.storyboard;
			sourceTree = "<group>";
		};
		DD34730D20372FFE0035A2CD /* Main.storyboard */ = {
			isa = PBXVariantGroup;
			children = (
				DD34730E20372FFE0035A2CD /* Base */,
			);
			name = Main.storyboard;
			sourceTree = "<group>";
		};
		DD34736F2038FE350035A2CD /* InfoPlist.strings */ = {
			isa = PBXVariantGroup;
			children = (
				DD34736E2038FE350035A2CD /* en */,
			);
			name = InfoPlist.strings;
			sourceTree = "<group>";
		};
		DD3473722038FE390035A2CD /* Localizable.strings */ = {
			isa = PBXVariantGroup;
			children = (
				DD3473712038FE390035A2CD /* en */,
			);
			name = Localizable.strings;
			sourceTree = "<group>";
		};
		DD3473752038FE3D0035A2CD /* Localizable.stringsdict */ = {
			isa = PBXVariantGroup;
			children = (
				DD3473742038FE3D0035A2CD /* en */,
			);
			name = Localizable.stringsdict;
			sourceTree = "<group>";
		};
/* End PBXVariantGroup section */

/* Begin XCBuildConfiguration section */
		D95E1C511D88E71A00F94976 /* Development (Debug) */ = {
			isa = XCBuildConfiguration;
			baseConfigurationReference = DD347326203734DE0035A2CD /* Settings-Development (Debug).xcconfig */;
			buildSettings = {
			};
			name = "Development (Debug)";
		};
		D95E1C521D88E71A00F94976 /* Staging (Release) */ = {
			isa = XCBuildConfiguration;
			baseConfigurationReference = DD347325203734DD0035A2CD /* Settings-Staging (Release).xcconfig */;
			buildSettings = {
			};
			name = "Staging (Release)";
		};
		D95E1C541D88E71A00F94976 /* Development (Debug) */ = {
			isa = XCBuildConfiguration;
			baseConfigurationReference = 37EB5DCE71301A68D899A85B /* Pods-Example.development (debug).xcconfig */;
			buildSettings = {
				DEVELOPMENT_TEAM = JF4JXY8D87;
				INFOPLIST_FILE = Application/Resources/Info.plist;
				PRODUCT_BUNDLE_IDENTIFIER = be.appwise.Example;
				PRODUCT_NAME = "$(TARGET_NAME)";
				SWIFT_VERSION = 4.0;
			};
			name = "Development (Debug)";
		};
		D95E1C551D88E71A00F94976 /* Staging (Release) */ = {
			isa = XCBuildConfiguration;
			baseConfigurationReference = 09899F29DE83BC678A16F6A0 /* Pods-Example.staging (release).xcconfig */;
			buildSettings = {
				DEVELOPMENT_TEAM = JF4JXY8D87;
				INFOPLIST_FILE = Application/Resources/Info.plist;
				PRODUCT_BUNDLE_IDENTIFIER = be.appwise.Example;
				PRODUCT_NAME = "$(TARGET_NAME)";
				SWIFT_VERSION = 4.0;
			};
			name = "Staging (Release)";
		};
		DD347320203730920035A2CD /* Production (Debug) */ = {
			isa = XCBuildConfiguration;
			baseConfigurationReference = DD347324203734DD0035A2CD /* Settings-Production (Debug).xcconfig */;
			buildSettings = {
			};
			name = "Production (Debug)";
		};
		DD347321203730920035A2CD /* Production (Debug) */ = {
			isa = XCBuildConfiguration;
			baseConfigurationReference = 86CD49CA34160954CE9642B6 /* Pods-Example.production (debug).xcconfig */;
			buildSettings = {
				DEVELOPMENT_TEAM = JF4JXY8D87;
				INFOPLIST_FILE = Application/Resources/Info.plist;
				PRODUCT_BUNDLE_IDENTIFIER = be.appwise.Example;
				PRODUCT_NAME = "$(TARGET_NAME)";
				SWIFT_VERSION = 4.0;
			};
			name = "Production (Debug)";
		};
		DD3473282037353E0035A2CD /* Development (Release) */ = {
			isa = XCBuildConfiguration;
			baseConfigurationReference = DD347327203734DE0035A2CD /* Settings-Development (Release).xcconfig */;
			buildSettings = {
			};
			name = "Development (Release)";
		};
		DD3473292037353E0035A2CD /* Development (Release) */ = {
			isa = XCBuildConfiguration;
			baseConfigurationReference = A1C4D2376C4E1EA190E54AEE /* Pods-Example.development (release).xcconfig */;
			buildSettings = {
				DEVELOPMENT_TEAM = JF4JXY8D87;
				INFOPLIST_FILE = Application/Resources/Info.plist;
				PRODUCT_BUNDLE_IDENTIFIER = be.appwise.Example;
				PRODUCT_NAME = "$(TARGET_NAME)";
				SWIFT_VERSION = 4.0;
			};
			name = "Development (Release)";
		};
		DD34732A2037355B0035A2CD /* Staging (Debug) */ = {
			isa = XCBuildConfiguration;
			baseConfigurationReference = DD347323203734DD0035A2CD /* Settings-Staging (Debug).xcconfig */;
			buildSettings = {
			};
			name = "Staging (Debug)";
		};
		DD34732B2037355B0035A2CD /* Staging (Debug) */ = {
			isa = XCBuildConfiguration;
			baseConfigurationReference = 1C74864382EBB0905AFA3B05 /* Pods-Example.staging (debug).xcconfig */;
			buildSettings = {
				DEVELOPMENT_TEAM = JF4JXY8D87;
				INFOPLIST_FILE = Application/Resources/Info.plist;
				PRODUCT_BUNDLE_IDENTIFIER = be.appwise.Example;
				PRODUCT_NAME = "$(TARGET_NAME)";
				SWIFT_VERSION = 4.0;
			};
			name = "Staging (Debug)";
		};
		DD34732E203735850035A2CD /* Production (Release) */ = {
			isa = XCBuildConfiguration;
			baseConfigurationReference = DD347322203734DD0035A2CD /* Settings-Production (Release).xcconfig */;
			buildSettings = {
			};
			name = "Production (Release)";
		};
		DD34732F203735850035A2CD /* Production (Release) */ = {
			isa = XCBuildConfiguration;
			baseConfigurationReference = D7D499531CDC867E2675FEE9 /* Pods-Example.production (release).xcconfig */;
			buildSettings = {
				DEVELOPMENT_TEAM = JF4JXY8D87;
				INFOPLIST_FILE = Application/Resources/Info.plist;
				PRODUCT_BUNDLE_IDENTIFIER = be.appwise.Example;
				PRODUCT_NAME = "$(TARGET_NAME)";
				SWIFT_VERSION = 4.0;
			};
			name = "Production (Release)";
		};
/* End XCBuildConfiguration section */

/* Begin XCConfigurationList section */
		D95E1C3C1D88E71A00F94976 /* Build configuration list for PBXProject "Example" */ = {
			isa = XCConfigurationList;
			buildConfigurations = (
				D95E1C511D88E71A00F94976 /* Development (Debug) */,
				DD3473282037353E0035A2CD /* Development (Release) */,
				DD34732A2037355B0035A2CD /* Staging (Debug) */,
				D95E1C521D88E71A00F94976 /* Staging (Release) */,
				DD347320203730920035A2CD /* Production (Debug) */,
				DD34732E203735850035A2CD /* Production (Release) */,
			);
			defaultConfigurationIsVisible = 0;
			defaultConfigurationName = "Production (Release)";
		};
		D95E1C531D88E71A00F94976 /* Build configuration list for PBXNativeTarget "Example" */ = {
			isa = XCConfigurationList;
			buildConfigurations = (
				D95E1C541D88E71A00F94976 /* Development (Debug) */,
				DD3473292037353E0035A2CD /* Development (Release) */,
				DD34732B2037355B0035A2CD /* Staging (Debug) */,
				D95E1C551D88E71A00F94976 /* Staging (Release) */,
				DD347321203730920035A2CD /* Production (Debug) */,
				DD34732F203735850035A2CD /* Production (Release) */,
			);
			defaultConfigurationIsVisible = 0;
			defaultConfigurationName = "Production (Release)";
		};
/* End XCConfigurationList section */

/* Begin XCVersionGroup section */
		DD347378203906E00035A2CD /* Example.xcdatamodeld */ = {
			isa = XCVersionGroup;
			children = (
				DD347379203906E00035A2CD /* Example.xcdatamodel */,
			);
			currentVersion = DD347379203906E00035A2CD /* Example.xcdatamodel */;
			path = Example.xcdatamodeld;
			sourceTree = "<group>";
			versionGroupType = wrapper.xcdatamodel;
		};
/* End XCVersionGroup section */
	};
	rootObject = D95E1C391D88E71A00F94976 /* Project object */;
}
